// !$*UTF8*$!
{
	archiveVersion = 1;
	classes = {
	};
	objectVersion = 56;
	objects = {

/* Begin PBXBuildFile section */
		E32787AD2A9CAE72006D58A0 /* TaskApp.swift in Sources */ = {isa = PBXBuildFile; fileRef = E32787AC2A9CAE72006D58A0 /* TaskApp.swift */; };
		E32787AF2A9CAE72006D58A0 /* ContentView.swift in Sources */ = {isa = PBXBuildFile; fileRef = E32787AE2A9CAE72006D58A0 /* ContentView.swift */; };
		E32787B12A9CAE73006D58A0 /* Assets.xcassets in Resources */ = {isa = PBXBuildFile; fileRef = E32787B02A9CAE73006D58A0 /* Assets.xcassets */; };
		E32787B42A9CAE73006D58A0 /* Preview Assets.xcassets in Resources */ = {isa = PBXBuildFile; fileRef = E32787B32A9CAE73006D58A0 /* Preview Assets.xcassets */; };
		E32787BE2A9CAE73006D58A0 /* EmailValidatorTests.swift in Sources */ = {isa = PBXBuildFile; fileRef = E32787BD2A9CAE73006D58A0 /* EmailValidatorTests.swift */; };
		E32787C82A9CAE73006D58A0 /* TaskUITests.swift in Sources */ = {isa = PBXBuildFile; fileRef = E32787C72A9CAE73006D58A0 /* TaskUITests.swift */; };
		E32787CA2A9CAE73006D58A0 /* TaskUITestsLaunchTests.swift in Sources */ = {isa = PBXBuildFile; fileRef = E32787C92A9CAE73006D58A0 /* TaskUITestsLaunchTests.swift */; };
		E32787D72A9CAFFB006D58A0 /* Coordinator.swift in Sources */ = {isa = PBXBuildFile; fileRef = E32787D62A9CAFFB006D58A0 /* Coordinator.swift */; };
		E32787D92A9CB241006D58A0 /* RegisterView.swift in Sources */ = {isa = PBXBuildFile; fileRef = E32787D82A9CB241006D58A0 /* RegisterView.swift */; };
		E32787DB2A9CB3F9006D58A0 /* ConfirmationView.swift in Sources */ = {isa = PBXBuildFile; fileRef = E32787DA2A9CB3F9006D58A0 /* ConfirmationView.swift */; };
		E32787DF2A9CB5CA006D58A0 /* RegisterViewModel.swift in Sources */ = {isa = PBXBuildFile; fileRef = E32787DE2A9CB5CA006D58A0 /* RegisterViewModel.swift */; };
		E32787E12A9CB5E9006D58A0 /* ConfirmationViewModel.swift in Sources */ = {isa = PBXBuildFile; fileRef = E32787E02A9CB5E9006D58A0 /* ConfirmationViewModel.swift */; };
		E32787E42A9CB616006D58A0 /* CoordinatorObject.swift in Sources */ = {isa = PBXBuildFile; fileRef = E32787E32A9CB616006D58A0 /* CoordinatorObject.swift */; };
		E32787E62A9CB62E006D58A0 /* CoordinatorView.swift in Sources */ = {isa = PBXBuildFile; fileRef = E32787E52A9CB62E006D58A0 /* CoordinatorView.swift */; };
		E32787E82A9CB64A006D58A0 /* ConfirmationInfo.swift in Sources */ = {isa = PBXBuildFile; fileRef = E32787E72A9CB64A006D58A0 /* ConfirmationInfo.swift */; };
		E341838B2A9E461400337865 /* DateHelperTests.swift in Sources */ = {isa = PBXBuildFile; fileRef = E341838A2A9E461400337865 /* DateHelperTests.swift */; };
		E341838D2AA0B93500337865 /* DateOfBirthValidatorTests.swift in Sources */ = {isa = PBXBuildFile; fileRef = E341838C2AA0B93500337865 /* DateOfBirthValidatorTests.swift */; };
		E341838F2AA0B97500337865 /* MockDateHelper.swift in Sources */ = {isa = PBXBuildFile; fileRef = E341838E2AA0B97500337865 /* MockDateHelper.swift */; };
		E34183912AA0C18700337865 /* AppLauncher.swift in Sources */ = {isa = PBXBuildFile; fileRef = E34183902AA0C18700337865 /* AppLauncher.swift */; };
		E34183932AA0C1C600337865 /* TestApp.swift in Sources */ = {isa = PBXBuildFile; fileRef = E34183922AA0C1C600337865 /* TestApp.swift */; };
		E34183952AA0C3E800337865 /* HapticFeedbackGenerating.swift in Sources */ = {isa = PBXBuildFile; fileRef = E34183942AA0C3E800337865 /* HapticFeedbackGenerating.swift */; };
		E34183982AA0C55D00337865 /* HapticFeedbackGenerator.swift in Sources */ = {isa = PBXBuildFile; fileRef = E34183972AA0C55D00337865 /* HapticFeedbackGenerator.swift */; };
		E341839A2AA0C61600337865 /* MockHapticFeedbackGenerator.swift in Sources */ = {isa = PBXBuildFile; fileRef = E34183992AA0C61600337865 /* MockHapticFeedbackGenerator.swift */; };
		E341839B2AA0C62A00337865 /* HapticFeedbackGenerating.swift in Sources */ = {isa = PBXBuildFile; fileRef = E34183942AA0C3E800337865 /* HapticFeedbackGenerating.swift */; };
		E341839C2AA0C6B100337865 /* HapticFeedbackGenerator.swift in Sources */ = {isa = PBXBuildFile; fileRef = E34183972AA0C55D00337865 /* HapticFeedbackGenerator.swift */; };
		E3923DEB2A9CC2F700075E5E /* DateHelper.swift in Sources */ = {isa = PBXBuildFile; fileRef = E3923DEA2A9CC2F700075E5E /* DateHelper.swift */; };
		E3923DED2A9CC5F700075E5E /* DateHelping.swift in Sources */ = {isa = PBXBuildFile; fileRef = E3923DEC2A9CC5F700075E5E /* DateHelping.swift */; };
		E3923DF32A9D27F500075E5E /* NameValidating.swift in Sources */ = {isa = PBXBuildFile; fileRef = E3923DF22A9D27F500075E5E /* NameValidating.swift */; };
		E3923DF52A9D280400075E5E /* NameValidator.swift in Sources */ = {isa = PBXBuildFile; fileRef = E3923DF42A9D280400075E5E /* NameValidator.swift */; };
		E3923DF82A9D2ADE00075E5E /* ValidationError.swift in Sources */ = {isa = PBXBuildFile; fileRef = E3923DF72A9D2ADE00075E5E /* ValidationError.swift */; };
		E3923DFD2A9D2CBA00075E5E /* EmailValidating.swift in Sources */ = {isa = PBXBuildFile; fileRef = E3923DFC2A9D2CBA00075E5E /* EmailValidating.swift */; };
		E3923DFF2A9D2CD300075E5E /* EmailValidator.swift in Sources */ = {isa = PBXBuildFile; fileRef = E3923DFE2A9D2CD300075E5E /* EmailValidator.swift */; };
		E3923E012A9D2E6200075E5E /* DateOfBirthValidating.swift in Sources */ = {isa = PBXBuildFile; fileRef = E3923E002A9D2E6200075E5E /* DateOfBirthValidating.swift */; };
		E3923E032A9D2E9800075E5E /* DateOfBirthValidator.swift in Sources */ = {isa = PBXBuildFile; fileRef = E3923E022A9D2E9800075E5E /* DateOfBirthValidator.swift */; };
		E3923E072A9D457B00075E5E /* RegisterViewModelTests.swift in Sources */ = {isa = PBXBuildFile; fileRef = E3923E062A9D457B00075E5E /* RegisterViewModelTests.swift */; };
		E3923E092A9D45EC00075E5E /* RegisterViewModel.swift in Sources */ = {isa = PBXBuildFile; fileRef = E32787DE2A9CB5CA006D58A0 /* RegisterViewModel.swift */; };
		E3923E0A2A9D45F800075E5E /* Coordinator.swift in Sources */ = {isa = PBXBuildFile; fileRef = E32787D62A9CAFFB006D58A0 /* Coordinator.swift */; };
		E3923E0B2A9D460900075E5E /* ValidationError.swift in Sources */ = {isa = PBXBuildFile; fileRef = E3923DF72A9D2ADE00075E5E /* ValidationError.swift */; };
		E3923E0D2A9D460D00075E5E /* DateOfBirthValidating.swift in Sources */ = {isa = PBXBuildFile; fileRef = E3923E002A9D2E6200075E5E /* DateOfBirthValidating.swift */; };
		E3923E0E2A9D461300075E5E /* EmailValidating.swift in Sources */ = {isa = PBXBuildFile; fileRef = E3923DFC2A9D2CBA00075E5E /* EmailValidating.swift */; };
		E3923E0F2A9D461500075E5E /* NameValidating.swift in Sources */ = {isa = PBXBuildFile; fileRef = E3923DF22A9D27F500075E5E /* NameValidating.swift */; };
		E3923E102A9D461900075E5E /* EmailValidator.swift in Sources */ = {isa = PBXBuildFile; fileRef = E3923DFE2A9D2CD300075E5E /* EmailValidator.swift */; };
		E3923E132A9D468F00075E5E /* MockCoordinator.swift in Sources */ = {isa = PBXBuildFile; fileRef = E3923E122A9D468F00075E5E /* MockCoordinator.swift */; };
		E3923E142A9D46E300075E5E /* ConfirmationInfo.swift in Sources */ = {isa = PBXBuildFile; fileRef = E32787E72A9CB64A006D58A0 /* ConfirmationInfo.swift */; };
		E3923E162A9D46F300075E5E /* MockNameValidator.swift in Sources */ = {isa = PBXBuildFile; fileRef = E3923E152A9D46F300075E5E /* MockNameValidator.swift */; };
		E3923E182A9D474500075E5E /* MockEmailValidator.swift in Sources */ = {isa = PBXBuildFile; fileRef = E3923E172A9D474500075E5E /* MockEmailValidator.swift */; };
		E3923E1A2A9D479400075E5E /* MockDateOfBirthValidator.swift in Sources */ = {isa = PBXBuildFile; fileRef = E3923E192A9D479400075E5E /* MockDateOfBirthValidator.swift */; };
		E3923E1C2A9D4A8400075E5E /* CoordinatorObjectTests.swift in Sources */ = {isa = PBXBuildFile; fileRef = E3923E1B2A9D4A8400075E5E /* CoordinatorObjectTests.swift */; };
		E3923E1D2A9D4A9E00075E5E /* CoordinatorObject.swift in Sources */ = {isa = PBXBuildFile; fileRef = E32787E32A9CB616006D58A0 /* CoordinatorObject.swift */; };
		E3923E1E2A9D4AA600075E5E /* ConfirmationViewModel.swift in Sources */ = {isa = PBXBuildFile; fileRef = E32787E02A9CB5E9006D58A0 /* ConfirmationViewModel.swift */; };
		E3923E1F2A9D4ABB00075E5E /* DateOfBirthValidator.swift in Sources */ = {isa = PBXBuildFile; fileRef = E3923E022A9D2E9800075E5E /* DateOfBirthValidator.swift */; };
		E3923E202A9D4ACF00075E5E /* NameValidator.swift in Sources */ = {isa = PBXBuildFile; fileRef = E3923DF42A9D280400075E5E /* NameValidator.swift */; };
		E3923E212A9D4AD200075E5E /* DateHelper.swift in Sources */ = {isa = PBXBuildFile; fileRef = E3923DEA2A9CC2F700075E5E /* DateHelper.swift */; };
		E3923E222A9D4AD400075E5E /* DateHelping.swift in Sources */ = {isa = PBXBuildFile; fileRef = E3923DEC2A9CC5F700075E5E /* DateHelping.swift */; };
		E3923E252A9D4CB200075E5E /* NameValidatorTests.swift in Sources */ = {isa = PBXBuildFile; fileRef = E3923E242A9D4CB200075E5E /* NameValidatorTests.swift */; };
/* End PBXBuildFile section */

/* Begin PBXContainerItemProxy section */
		E32787BA2A9CAE73006D58A0 /* PBXContainerItemProxy */ = {
			isa = PBXContainerItemProxy;
			containerPortal = E32787A12A9CAE71006D58A0 /* Project object */;
			proxyType = 1;
			remoteGlobalIDString = E32787A82A9CAE71006D58A0;
			remoteInfo = Task;
		};
		E32787C42A9CAE73006D58A0 /* PBXContainerItemProxy */ = {
			isa = PBXContainerItemProxy;
			containerPortal = E32787A12A9CAE71006D58A0 /* Project object */;
			proxyType = 1;
			remoteGlobalIDString = E32787A82A9CAE71006D58A0;
			remoteInfo = Task;
		};
/* End PBXContainerItemProxy section */

/* Begin PBXFileReference section */
		E32787A92A9CAE72006D58A0 /* Task.app */ = {isa = PBXFileReference; explicitFileType = wrapper.application; includeInIndex = 0; path = Task.app; sourceTree = BUILT_PRODUCTS_DIR; };
		E32787AC2A9CAE72006D58A0 /* TaskApp.swift */ = {isa = PBXFileReference; lastKnownFileType = sourcecode.swift; path = TaskApp.swift; sourceTree = "<group>"; };
		E32787AE2A9CAE72006D58A0 /* ContentView.swift */ = {isa = PBXFileReference; lastKnownFileType = sourcecode.swift; path = ContentView.swift; sourceTree = "<group>"; };
		E32787B02A9CAE73006D58A0 /* Assets.xcassets */ = {isa = PBXFileReference; lastKnownFileType = folder.assetcatalog; path = Assets.xcassets; sourceTree = "<group>"; };
		E32787B32A9CAE73006D58A0 /* Preview Assets.xcassets */ = {isa = PBXFileReference; lastKnownFileType = folder.assetcatalog; path = "Preview Assets.xcassets"; sourceTree = "<group>"; };
		E32787B92A9CAE73006D58A0 /* TaskTests.xctest */ = {isa = PBXFileReference; explicitFileType = wrapper.cfbundle; includeInIndex = 0; path = TaskTests.xctest; sourceTree = BUILT_PRODUCTS_DIR; };
		E32787BD2A9CAE73006D58A0 /* EmailValidatorTests.swift */ = {isa = PBXFileReference; lastKnownFileType = sourcecode.swift; path = EmailValidatorTests.swift; sourceTree = "<group>"; };
		E32787C32A9CAE73006D58A0 /* TaskUITests.xctest */ = {isa = PBXFileReference; explicitFileType = wrapper.cfbundle; includeInIndex = 0; path = TaskUITests.xctest; sourceTree = BUILT_PRODUCTS_DIR; };
		E32787C72A9CAE73006D58A0 /* TaskUITests.swift */ = {isa = PBXFileReference; lastKnownFileType = sourcecode.swift; path = TaskUITests.swift; sourceTree = "<group>"; };
		E32787C92A9CAE73006D58A0 /* TaskUITestsLaunchTests.swift */ = {isa = PBXFileReference; lastKnownFileType = sourcecode.swift; path = TaskUITestsLaunchTests.swift; sourceTree = "<group>"; };
		E32787D62A9CAFFB006D58A0 /* Coordinator.swift */ = {isa = PBXFileReference; lastKnownFileType = sourcecode.swift; path = Coordinator.swift; sourceTree = "<group>"; };
		E32787D82A9CB241006D58A0 /* RegisterView.swift */ = {isa = PBXFileReference; lastKnownFileType = sourcecode.swift; path = RegisterView.swift; sourceTree = "<group>"; };
		E32787DA2A9CB3F9006D58A0 /* ConfirmationView.swift */ = {isa = PBXFileReference; lastKnownFileType = sourcecode.swift; path = ConfirmationView.swift; sourceTree = "<group>"; };
		E32787DE2A9CB5CA006D58A0 /* RegisterViewModel.swift */ = {isa = PBXFileReference; lastKnownFileType = sourcecode.swift; path = RegisterViewModel.swift; sourceTree = "<group>"; };
		E32787E02A9CB5E9006D58A0 /* ConfirmationViewModel.swift */ = {isa = PBXFileReference; lastKnownFileType = sourcecode.swift; path = ConfirmationViewModel.swift; sourceTree = "<group>"; };
		E32787E32A9CB616006D58A0 /* CoordinatorObject.swift */ = {isa = PBXFileReference; lastKnownFileType = sourcecode.swift; path = CoordinatorObject.swift; sourceTree = "<group>"; };
		E32787E52A9CB62E006D58A0 /* CoordinatorView.swift */ = {isa = PBXFileReference; lastKnownFileType = sourcecode.swift; path = CoordinatorView.swift; sourceTree = "<group>"; };
		E32787E72A9CB64A006D58A0 /* ConfirmationInfo.swift */ = {isa = PBXFileReference; lastKnownFileType = sourcecode.swift; path = ConfirmationInfo.swift; sourceTree = "<group>"; };
		E341838A2A9E461400337865 /* DateHelperTests.swift */ = {isa = PBXFileReference; lastKnownFileType = sourcecode.swift; path = DateHelperTests.swift; sourceTree = "<group>"; };
		E341838C2AA0B93500337865 /* DateOfBirthValidatorTests.swift */ = {isa = PBXFileReference; lastKnownFileType = sourcecode.swift; path = DateOfBirthValidatorTests.swift; sourceTree = "<group>"; };
		E341838E2AA0B97500337865 /* MockDateHelper.swift */ = {isa = PBXFileReference; lastKnownFileType = sourcecode.swift; path = MockDateHelper.swift; sourceTree = "<group>"; };
		E34183902AA0C18700337865 /* AppLauncher.swift */ = {isa = PBXFileReference; lastKnownFileType = sourcecode.swift; path = AppLauncher.swift; sourceTree = "<group>"; };
		E34183922AA0C1C600337865 /* TestApp.swift */ = {isa = PBXFileReference; lastKnownFileType = sourcecode.swift; path = TestApp.swift; sourceTree = "<group>"; };
		E34183942AA0C3E800337865 /* HapticFeedbackGenerating.swift */ = {isa = PBXFileReference; lastKnownFileType = sourcecode.swift; path = HapticFeedbackGenerating.swift; sourceTree = "<group>"; };
		E34183972AA0C55D00337865 /* HapticFeedbackGenerator.swift */ = {isa = PBXFileReference; lastKnownFileType = sourcecode.swift; path = HapticFeedbackGenerator.swift; sourceTree = "<group>"; };
		E34183992AA0C61600337865 /* MockHapticFeedbackGenerator.swift */ = {isa = PBXFileReference; lastKnownFileType = sourcecode.swift; path = MockHapticFeedbackGenerator.swift; sourceTree = "<group>"; };
		E3923DEA2A9CC2F700075E5E /* DateHelper.swift */ = {isa = PBXFileReference; lastKnownFileType = sourcecode.swift; path = DateHelper.swift; sourceTree = "<group>"; };
		E3923DEC2A9CC5F700075E5E /* DateHelping.swift */ = {isa = PBXFileReference; lastKnownFileType = sourcecode.swift; path = DateHelping.swift; sourceTree = "<group>"; };
		E3923DF22A9D27F500075E5E /* NameValidating.swift */ = {isa = PBXFileReference; lastKnownFileType = sourcecode.swift; path = NameValidating.swift; sourceTree = "<group>"; };
		E3923DF42A9D280400075E5E /* NameValidator.swift */ = {isa = PBXFileReference; lastKnownFileType = sourcecode.swift; path = NameValidator.swift; sourceTree = "<group>"; };
		E3923DF72A9D2ADE00075E5E /* ValidationError.swift */ = {isa = PBXFileReference; lastKnownFileType = sourcecode.swift; path = ValidationError.swift; sourceTree = "<group>"; };
		E3923DFC2A9D2CBA00075E5E /* EmailValidating.swift */ = {isa = PBXFileReference; lastKnownFileType = sourcecode.swift; path = EmailValidating.swift; sourceTree = "<group>"; };
		E3923DFE2A9D2CD300075E5E /* EmailValidator.swift */ = {isa = PBXFileReference; lastKnownFileType = sourcecode.swift; path = EmailValidator.swift; sourceTree = "<group>"; };
		E3923E002A9D2E6200075E5E /* DateOfBirthValidating.swift */ = {isa = PBXFileReference; lastKnownFileType = sourcecode.swift; path = DateOfBirthValidating.swift; sourceTree = "<group>"; };
		E3923E022A9D2E9800075E5E /* DateOfBirthValidator.swift */ = {isa = PBXFileReference; lastKnownFileType = sourcecode.swift; path = DateOfBirthValidator.swift; sourceTree = "<group>"; };
		E3923E062A9D457B00075E5E /* RegisterViewModelTests.swift */ = {isa = PBXFileReference; lastKnownFileType = sourcecode.swift; path = RegisterViewModelTests.swift; sourceTree = "<group>"; };
		E3923E122A9D468F00075E5E /* MockCoordinator.swift */ = {isa = PBXFileReference; lastKnownFileType = sourcecode.swift; path = MockCoordinator.swift; sourceTree = "<group>"; };
		E3923E152A9D46F300075E5E /* MockNameValidator.swift */ = {isa = PBXFileReference; lastKnownFileType = sourcecode.swift; path = MockNameValidator.swift; sourceTree = "<group>"; };
		E3923E172A9D474500075E5E /* MockEmailValidator.swift */ = {isa = PBXFileReference; lastKnownFileType = sourcecode.swift; path = MockEmailValidator.swift; sourceTree = "<group>"; };
		E3923E192A9D479400075E5E /* MockDateOfBirthValidator.swift */ = {isa = PBXFileReference; lastKnownFileType = sourcecode.swift; path = MockDateOfBirthValidator.swift; sourceTree = "<group>"; };
		E3923E1B2A9D4A8400075E5E /* CoordinatorObjectTests.swift */ = {isa = PBXFileReference; lastKnownFileType = sourcecode.swift; path = CoordinatorObjectTests.swift; sourceTree = "<group>"; };
		E3923E242A9D4CB200075E5E /* NameValidatorTests.swift */ = {isa = PBXFileReference; lastKnownFileType = sourcecode.swift; path = NameValidatorTests.swift; sourceTree = "<group>"; };
/* End PBXFileReference section */

/* Begin PBXFrameworksBuildPhase section */
		E32787A62A9CAE71006D58A0 /* Frameworks */ = {
			isa = PBXFrameworksBuildPhase;
			buildActionMask = 2147483647;
			files = (
			);
			runOnlyForDeploymentPostprocessing = 0;
		};
		E32787B62A9CAE73006D58A0 /* Frameworks */ = {
			isa = PBXFrameworksBuildPhase;
			buildActionMask = 2147483647;
			files = (
			);
			runOnlyForDeploymentPostprocessing = 0;
		};
		E32787C02A9CAE73006D58A0 /* Frameworks */ = {
			isa = PBXFrameworksBuildPhase;
			buildActionMask = 2147483647;
			files = (
			);
			runOnlyForDeploymentPostprocessing = 0;
		};
/* End PBXFrameworksBuildPhase section */

/* Begin PBXGroup section */
		E32787A02A9CAE71006D58A0 = {
			isa = PBXGroup;
			children = (
				E32787AB2A9CAE72006D58A0 /* Task */,
				E32787BC2A9CAE73006D58A0 /* TaskTests */,
				E32787C62A9CAE73006D58A0 /* TaskUITests */,
				E32787AA2A9CAE72006D58A0 /* Products */,
			);
			sourceTree = "<group>";
		};
		E32787AA2A9CAE72006D58A0 /* Products */ = {
			isa = PBXGroup;
			children = (
				E32787A92A9CAE72006D58A0 /* Task.app */,
				E32787B92A9CAE73006D58A0 /* TaskTests.xctest */,
				E32787C32A9CAE73006D58A0 /* TaskUITests.xctest */,
			);
			name = Products;
			sourceTree = "<group>";
		};
		E32787AB2A9CAE72006D58A0 /* Task */ = {
			isa = PBXGroup;
			children = (
				E34183902AA0C18700337865 /* AppLauncher.swift */,
				E32787AC2A9CAE72006D58A0 /* TaskApp.swift */,
				E34183922AA0C1C600337865 /* TestApp.swift */,
				E32787AE2A9CAE72006D58A0 /* ContentView.swift */,
				E32787E22A9CB5FB006D58A0 /* Coordinator */,
				E32787DD2A9CB5B0006D58A0 /* Register */,
				E32787DC2A9CB5A7006D58A0 /* Confirmation */,
				E3923DE92A9CC2CB00075E5E /* Helpers */,
				E3923DF12A9D27DC00075E5E /* Services */,
				E32787B02A9CAE73006D58A0 /* Assets.xcassets */,
				E32787B22A9CAE73006D58A0 /* Preview Content */,
			);
			path = Task;
			sourceTree = "<group>";
		};
		E32787B22A9CAE73006D58A0 /* Preview Content */ = {
			isa = PBXGroup;
			children = (
				E32787B32A9CAE73006D58A0 /* Preview Assets.xcassets */,
			);
			path = "Preview Content";
			sourceTree = "<group>";
		};
		E32787BC2A9CAE73006D58A0 /* TaskTests */ = {
			isa = PBXGroup;
			children = (
				E3923E232A9D4C4100075E5E /* Tests */,
				E3923E112A9D467D00075E5E /* Mocks */,
			);
			path = TaskTests;
			sourceTree = "<group>";
		};
		E32787C62A9CAE73006D58A0 /* TaskUITests */ = {
			isa = PBXGroup;
			children = (
				E32787C72A9CAE73006D58A0 /* TaskUITests.swift */,
				E32787C92A9CAE73006D58A0 /* TaskUITestsLaunchTests.swift */,
			);
			path = TaskUITests;
			sourceTree = "<group>";
		};
		E32787DC2A9CB5A7006D58A0 /* Confirmation */ = {
			isa = PBXGroup;
			children = (
				E32787DA2A9CB3F9006D58A0 /* ConfirmationView.swift */,
				E32787E02A9CB5E9006D58A0 /* ConfirmationViewModel.swift */,
			);
			path = Confirmation;
			sourceTree = "<group>";
		};
		E32787DD2A9CB5B0006D58A0 /* Register */ = {
			isa = PBXGroup;
			children = (
				E32787D82A9CB241006D58A0 /* RegisterView.swift */,
				E32787DE2A9CB5CA006D58A0 /* RegisterViewModel.swift */,
			);
			path = Register;
			sourceTree = "<group>";
		};
		E32787E22A9CB5FB006D58A0 /* Coordinator */ = {
			isa = PBXGroup;
			children = (
				E32787D62A9CAFFB006D58A0 /* Coordinator.swift */,
				E32787E32A9CB616006D58A0 /* CoordinatorObject.swift */,
				E32787E52A9CB62E006D58A0 /* CoordinatorView.swift */,
				E32787E72A9CB64A006D58A0 /* ConfirmationInfo.swift */,
			);
			path = Coordinator;
			sourceTree = "<group>";
		};
		E34183962AA0C53A00337865 /* HapticFeedbackGenerator */ = {
			isa = PBXGroup;
			children = (
				E34183942AA0C3E800337865 /* HapticFeedbackGenerating.swift */,
				E34183972AA0C55D00337865 /* HapticFeedbackGenerator.swift */,
			);
			path = HapticFeedbackGenerator;
			sourceTree = "<group>";
		};
		E3923DE92A9CC2CB00075E5E /* Helpers */ = {
			isa = PBXGroup;
			children = (
				E3923DEA2A9CC2F700075E5E /* DateHelper.swift */,
				E3923DEC2A9CC5F700075E5E /* DateHelping.swift */,
			);
			path = Helpers;
			sourceTree = "<group>";
		};
		E3923DF12A9D27DC00075E5E /* Services */ = {
			isa = PBXGroup;
			children = (
				E34183962AA0C53A00337865 /* HapticFeedbackGenerator */,
				E3923DF62A9D2ACE00075E5E /* Validation */,
			);
			path = Services;
			sourceTree = "<group>";
		};
		E3923DF62A9D2ACE00075E5E /* Validation */ = {
			isa = PBXGroup;
			children = (
				E3923DF92A9D2C8B00075E5E /* NameValidator */,
				E3923DFA2A9D2C9400075E5E /* EmailValidator */,
				E3923DFB2A9D2C9B00075E5E /* DateOfBirthValidator */,
				E3923DF72A9D2ADE00075E5E /* ValidationError.swift */,
			);
			path = Validation;
			sourceTree = "<group>";
		};
		E3923DF92A9D2C8B00075E5E /* NameValidator */ = {
			isa = PBXGroup;
			children = (
				E3923DF22A9D27F500075E5E /* NameValidating.swift */,
				E3923DF42A9D280400075E5E /* NameValidator.swift */,
			);
			path = NameValidator;
			sourceTree = "<group>";
		};
		E3923DFA2A9D2C9400075E5E /* EmailValidator */ = {
			isa = PBXGroup;
			children = (
				E3923DFC2A9D2CBA00075E5E /* EmailValidating.swift */,
				E3923DFE2A9D2CD300075E5E /* EmailValidator.swift */,
			);
			path = EmailValidator;
			sourceTree = "<group>";
		};
		E3923DFB2A9D2C9B00075E5E /* DateOfBirthValidator */ = {
			isa = PBXGroup;
			children = (
				E3923E002A9D2E6200075E5E /* DateOfBirthValidating.swift */,
				E3923E022A9D2E9800075E5E /* DateOfBirthValidator.swift */,
			);
			path = DateOfBirthValidator;
			sourceTree = "<group>";
		};
		E3923E112A9D467D00075E5E /* Mocks */ = {
			isa = PBXGroup;
			children = (
				E3923E122A9D468F00075E5E /* MockCoordinator.swift */,
				E3923E152A9D46F300075E5E /* MockNameValidator.swift */,
				E3923E172A9D474500075E5E /* MockEmailValidator.swift */,
				E3923E192A9D479400075E5E /* MockDateOfBirthValidator.swift */,
				E341838E2AA0B97500337865 /* MockDateHelper.swift */,
				E34183992AA0C61600337865 /* MockHapticFeedbackGenerator.swift */,
			);
			path = Mocks;
			sourceTree = "<group>";
		};
		E3923E232A9D4C4100075E5E /* Tests */ = {
			isa = PBXGroup;
			children = (
				E3923E242A9D4CB200075E5E /* NameValidatorTests.swift */,
				E32787BD2A9CAE73006D58A0 /* EmailValidatorTests.swift */,
				E341838C2AA0B93500337865 /* DateOfBirthValidatorTests.swift */,
				E3923E062A9D457B00075E5E /* RegisterViewModelTests.swift */,
				E3923E1B2A9D4A8400075E5E /* CoordinatorObjectTests.swift */,
				E341838A2A9E461400337865 /* DateHelperTests.swift */,
			);
			path = Tests;
			sourceTree = "<group>";
		};
/* End PBXGroup section */

/* Begin PBXNativeTarget section */
		E32787A82A9CAE71006D58A0 /* Task */ = {
			isa = PBXNativeTarget;
			buildConfigurationList = E32787CD2A9CAE73006D58A0 /* Build configuration list for PBXNativeTarget "Task" */;
			buildPhases = (
				E32787A52A9CAE71006D58A0 /* Sources */,
				E32787A62A9CAE71006D58A0 /* Frameworks */,
				E32787A72A9CAE71006D58A0 /* Resources */,
			);
			buildRules = (
			);
			dependencies = (
			);
			name = Task;
			productName = Task;
			productReference = E32787A92A9CAE72006D58A0 /* Task.app */;
			productType = "com.apple.product-type.application";
		};
		E32787B82A9CAE73006D58A0 /* TaskTests */ = {
			isa = PBXNativeTarget;
			buildConfigurationList = E32787D02A9CAE73006D58A0 /* Build configuration list for PBXNativeTarget "TaskTests" */;
			buildPhases = (
				E32787B52A9CAE73006D58A0 /* Sources */,
				E32787B62A9CAE73006D58A0 /* Frameworks */,
				E32787B72A9CAE73006D58A0 /* Resources */,
			);
			buildRules = (
			);
			dependencies = (
				E32787BB2A9CAE73006D58A0 /* PBXTargetDependency */,
			);
			name = TaskTests;
			productName = TaskTests;
			productReference = E32787B92A9CAE73006D58A0 /* TaskTests.xctest */;
			productType = "com.apple.product-type.bundle.unit-test";
		};
		E32787C22A9CAE73006D58A0 /* TaskUITests */ = {
			isa = PBXNativeTarget;
			buildConfigurationList = E32787D32A9CAE73006D58A0 /* Build configuration list for PBXNativeTarget "TaskUITests" */;
			buildPhases = (
				E32787BF2A9CAE73006D58A0 /* Sources */,
				E32787C02A9CAE73006D58A0 /* Frameworks */,
				E32787C12A9CAE73006D58A0 /* Resources */,
			);
			buildRules = (
			);
			dependencies = (
				E32787C52A9CAE73006D58A0 /* PBXTargetDependency */,
			);
			name = TaskUITests;
			productName = TaskUITests;
			productReference = E32787C32A9CAE73006D58A0 /* TaskUITests.xctest */;
			productType = "com.apple.product-type.bundle.ui-testing";
		};
/* End PBXNativeTarget section */

/* Begin PBXProject section */
		E32787A12A9CAE71006D58A0 /* Project object */ = {
			isa = PBXProject;
			attributes = {
				BuildIndependentTargetsInParallel = 1;
				LastSwiftUpdateCheck = 1420;
				LastUpgradeCheck = 1420;
				TargetAttributes = {
					E32787A82A9CAE71006D58A0 = {
						CreatedOnToolsVersion = 14.2;
					};
					E32787B82A9CAE73006D58A0 = {
						CreatedOnToolsVersion = 14.2;
						TestTargetID = E32787A82A9CAE71006D58A0;
					};
					E32787C22A9CAE73006D58A0 = {
						CreatedOnToolsVersion = 14.2;
						TestTargetID = E32787A82A9CAE71006D58A0;
					};
				};
			};
			buildConfigurationList = E32787A42A9CAE71006D58A0 /* Build configuration list for PBXProject "Task" */;
			compatibilityVersion = "Xcode 14.0";
			developmentRegion = en;
			hasScannedForEncodings = 0;
			knownRegions = (
				en,
				Base,
			);
			mainGroup = E32787A02A9CAE71006D58A0;
			productRefGroup = E32787AA2A9CAE72006D58A0 /* Products */;
			projectDirPath = "";
			projectRoot = "";
			targets = (
				E32787A82A9CAE71006D58A0 /* Task */,
				E32787B82A9CAE73006D58A0 /* TaskTests */,
				E32787C22A9CAE73006D58A0 /* TaskUITests */,
			);
		};
/* End PBXProject section */

/* Begin PBXResourcesBuildPhase section */
		E32787A72A9CAE71006D58A0 /* Resources */ = {
			isa = PBXResourcesBuildPhase;
			buildActionMask = 2147483647;
			files = (
				E32787B42A9CAE73006D58A0 /* Preview Assets.xcassets in Resources */,
				E32787B12A9CAE73006D58A0 /* Assets.xcassets in Resources */,
			);
			runOnlyForDeploymentPostprocessing = 0;
		};
		E32787B72A9CAE73006D58A0 /* Resources */ = {
			isa = PBXResourcesBuildPhase;
			buildActionMask = 2147483647;
			files = (
			);
			runOnlyForDeploymentPostprocessing = 0;
		};
		E32787C12A9CAE73006D58A0 /* Resources */ = {
			isa = PBXResourcesBuildPhase;
			buildActionMask = 2147483647;
			files = (
			);
			runOnlyForDeploymentPostprocessing = 0;
		};
/* End PBXResourcesBuildPhase section */

/* Begin PBXSourcesBuildPhase section */
		E32787A52A9CAE71006D58A0 /* Sources */ = {
			isa = PBXSourcesBuildPhase;
			buildActionMask = 2147483647;
			files = (
				E3923DF32A9D27F500075E5E /* NameValidating.swift in Sources */,
				E32787DB2A9CB3F9006D58A0 /* ConfirmationView.swift in Sources */,
				E3923DEB2A9CC2F700075E5E /* DateHelper.swift in Sources */,
				E34183912AA0C18700337865 /* AppLauncher.swift in Sources */,
				E32787E62A9CB62E006D58A0 /* CoordinatorView.swift in Sources */,
				E32787E12A9CB5E9006D58A0 /* ConfirmationViewModel.swift in Sources */,
				E32787DF2A9CB5CA006D58A0 /* RegisterViewModel.swift in Sources */,
				E3923DFF2A9D2CD300075E5E /* EmailValidator.swift in Sources */,
				E34183932AA0C1C600337865 /* TestApp.swift in Sources */,
				E3923E012A9D2E6200075E5E /* DateOfBirthValidating.swift in Sources */,
				E3923DED2A9CC5F700075E5E /* DateHelping.swift in Sources */,
				E32787E82A9CB64A006D58A0 /* ConfirmationInfo.swift in Sources */,
				E32787AF2A9CAE72006D58A0 /* ContentView.swift in Sources */,
				E34183952AA0C3E800337865 /* HapticFeedbackGenerating.swift in Sources */,
				E3923E032A9D2E9800075E5E /* DateOfBirthValidator.swift in Sources */,
				E3923DF52A9D280400075E5E /* NameValidator.swift in Sources */,
				E32787D92A9CB241006D58A0 /* RegisterView.swift in Sources */,
				E3923DFD2A9D2CBA00075E5E /* EmailValidating.swift in Sources */,
				E34183982AA0C55D00337865 /* HapticFeedbackGenerator.swift in Sources */,
				E3923DF82A9D2ADE00075E5E /* ValidationError.swift in Sources */,
				E32787E42A9CB616006D58A0 /* CoordinatorObject.swift in Sources */,
				E32787AD2A9CAE72006D58A0 /* TaskApp.swift in Sources */,
				E32787D72A9CAFFB006D58A0 /* Coordinator.swift in Sources */,
			);
			runOnlyForDeploymentPostprocessing = 0;
		};
		E32787B52A9CAE73006D58A0 /* Sources */ = {
			isa = PBXSourcesBuildPhase;
			buildActionMask = 2147483647;
			files = (
				E341839B2AA0C62A00337865 /* HapticFeedbackGenerating.swift in Sources */,
				E3923E1C2A9D4A8400075E5E /* CoordinatorObjectTests.swift in Sources */,
				E3923E0A2A9D45F800075E5E /* Coordinator.swift in Sources */,
				E3923E0B2A9D460900075E5E /* ValidationError.swift in Sources */,
				E3923E102A9D461900075E5E /* EmailValidator.swift in Sources */,
				E32787BE2A9CAE73006D58A0 /* EmailValidatorTests.swift in Sources */,
				E3923E212A9D4AD200075E5E /* DateHelper.swift in Sources */,
				E3923E0F2A9D461500075E5E /* NameValidating.swift in Sources */,
				E3923E142A9D46E300075E5E /* ConfirmationInfo.swift in Sources */,
				E3923E182A9D474500075E5E /* MockEmailValidator.swift in Sources */,
				E3923E092A9D45EC00075E5E /* RegisterViewModel.swift in Sources */,
				E3923E0E2A9D461300075E5E /* EmailValidating.swift in Sources */,
				E3923E1A2A9D479400075E5E /* MockDateOfBirthValidator.swift in Sources */,
				E341839C2AA0C6B100337865 /* HapticFeedbackGenerator.swift in Sources */,
				E3923E072A9D457B00075E5E /* RegisterViewModelTests.swift in Sources */,
				E3923E132A9D468F00075E5E /* MockCoordinator.swift in Sources */,
				E3923E1D2A9D4A9E00075E5E /* CoordinatorObject.swift in Sources */,
				E341838D2AA0B93500337865 /* DateOfBirthValidatorTests.swift in Sources */,
				E3923E202A9D4ACF00075E5E /* NameValidator.swift in Sources */,
				E3923E0D2A9D460D00075E5E /* DateOfBirthValidating.swift in Sources */,
				E3923E1F2A9D4ABB00075E5E /* DateOfBirthValidator.swift in Sources */,
				E3923E1E2A9D4AA600075E5E /* ConfirmationViewModel.swift in Sources */,
				E341838F2AA0B97500337865 /* MockDateHelper.swift in Sources */,
				E341839A2AA0C61600337865 /* MockHapticFeedbackGenerator.swift in Sources */,
				E3923E162A9D46F300075E5E /* MockNameValidator.swift in Sources */,
				E3923E222A9D4AD400075E5E /* DateHelping.swift in Sources */,
				E341838B2A9E461400337865 /* DateHelperTests.swift in Sources */,
				E3923E252A9D4CB200075E5E /* NameValidatorTests.swift in Sources */,
			);
			runOnlyForDeploymentPostprocessing = 0;
		};
		E32787BF2A9CAE73006D58A0 /* Sources */ = {
			isa = PBXSourcesBuildPhase;
			buildActionMask = 2147483647;
			files = (
				E32787C82A9CAE73006D58A0 /* TaskUITests.swift in Sources */,
				E32787CA2A9CAE73006D58A0 /* TaskUITestsLaunchTests.swift in Sources */,
			);
			runOnlyForDeploymentPostprocessing = 0;
		};
/* End PBXSourcesBuildPhase section */

/* Begin PBXTargetDependency section */
		E32787BB2A9CAE73006D58A0 /* PBXTargetDependency */ = {
			isa = PBXTargetDependency;
			target = E32787A82A9CAE71006D58A0 /* Task */;
			targetProxy = E32787BA2A9CAE73006D58A0 /* PBXContainerItemProxy */;
		};
		E32787C52A9CAE73006D58A0 /* PBXTargetDependency */ = {
			isa = PBXTargetDependency;
			target = E32787A82A9CAE71006D58A0 /* Task */;
			targetProxy = E32787C42A9CAE73006D58A0 /* PBXContainerItemProxy */;
		};
/* End PBXTargetDependency section */

/* Begin XCBuildConfiguration section */
		E32787CB2A9CAE73006D58A0 /* Debug */ = {
			isa = XCBuildConfiguration;
			buildSettings = {
				ALWAYS_SEARCH_USER_PATHS = NO;
				CLANG_ANALYZER_NONNULL = YES;
				CLANG_ANALYZER_NUMBER_OBJECT_CONVERSION = YES_AGGRESSIVE;
				CLANG_CXX_LANGUAGE_STANDARD = "gnu++20";
				CLANG_ENABLE_MODULES = YES;
				CLANG_ENABLE_OBJC_ARC = YES;
				CLANG_ENABLE_OBJC_WEAK = YES;
				CLANG_WARN_BLOCK_CAPTURE_AUTORELEASING = YES;
				CLANG_WARN_BOOL_CONVERSION = YES;
				CLANG_WARN_COMMA = YES;
				CLANG_WARN_CONSTANT_CONVERSION = YES;
				CLANG_WARN_DEPRECATED_OBJC_IMPLEMENTATIONS = YES;
				CLANG_WARN_DIRECT_OBJC_ISA_USAGE = YES_ERROR;
				CLANG_WARN_DOCUMENTATION_COMMENTS = YES;
				CLANG_WARN_EMPTY_BODY = YES;
				CLANG_WARN_ENUM_CONVERSION = YES;
				CLANG_WARN_INFINITE_RECURSION = YES;
				CLANG_WARN_INT_CONVERSION = YES;
				CLANG_WARN_NON_LITERAL_NULL_CONVERSION = YES;
				CLANG_WARN_OBJC_IMPLICIT_RETAIN_SELF = YES;
				CLANG_WARN_OBJC_LITERAL_CONVERSION = YES;
				CLANG_WARN_OBJC_ROOT_CLASS = YES_ERROR;
				CLANG_WARN_QUOTED_INCLUDE_IN_FRAMEWORK_HEADER = YES;
				CLANG_WARN_RANGE_LOOP_ANALYSIS = YES;
				CLANG_WARN_STRICT_PROTOTYPES = YES;
				CLANG_WARN_SUSPICIOUS_MOVE = YES;
				CLANG_WARN_UNGUARDED_AVAILABILITY = YES_AGGRESSIVE;
				CLANG_WARN_UNREACHABLE_CODE = YES;
				CLANG_WARN__DUPLICATE_METHOD_MATCH = YES;
				COPY_PHASE_STRIP = NO;
				DEBUG_INFORMATION_FORMAT = dwarf;
				ENABLE_STRICT_OBJC_MSGSEND = YES;
				ENABLE_TESTABILITY = YES;
				GCC_C_LANGUAGE_STANDARD = gnu11;
				GCC_DYNAMIC_NO_PIC = NO;
				GCC_NO_COMMON_BLOCKS = YES;
				GCC_OPTIMIZATION_LEVEL = 0;
				GCC_PREPROCESSOR_DEFINITIONS = (
					"DEBUG=1",
					"$(inherited)",
				);
				GCC_WARN_64_TO_32_BIT_CONVERSION = YES;
				GCC_WARN_ABOUT_RETURN_TYPE = YES_ERROR;
				GCC_WARN_UNDECLARED_SELECTOR = YES;
				GCC_WARN_UNINITIALIZED_AUTOS = YES_AGGRESSIVE;
				GCC_WARN_UNUSED_FUNCTION = YES;
				GCC_WARN_UNUSED_VARIABLE = YES;
				IPHONEOS_DEPLOYMENT_TARGET = 16.2;
				MTL_ENABLE_DEBUG_INFO = INCLUDE_SOURCE;
				MTL_FAST_MATH = YES;
				ONLY_ACTIVE_ARCH = YES;
				SDKROOT = iphoneos;
				SWIFT_ACTIVE_COMPILATION_CONDITIONS = DEBUG;
				SWIFT_OPTIMIZATION_LEVEL = "-Onone";
			};
			name = Debug;
		};
		E32787CC2A9CAE73006D58A0 /* Release */ = {
			isa = XCBuildConfiguration;
			buildSettings = {
				ALWAYS_SEARCH_USER_PATHS = NO;
				CLANG_ANALYZER_NONNULL = YES;
				CLANG_ANALYZER_NUMBER_OBJECT_CONVERSION = YES_AGGRESSIVE;
				CLANG_CXX_LANGUAGE_STANDARD = "gnu++20";
				CLANG_ENABLE_MODULES = YES;
				CLANG_ENABLE_OBJC_ARC = YES;
				CLANG_ENABLE_OBJC_WEAK = YES;
				CLANG_WARN_BLOCK_CAPTURE_AUTORELEASING = YES;
				CLANG_WARN_BOOL_CONVERSION = YES;
				CLANG_WARN_COMMA = YES;
				CLANG_WARN_CONSTANT_CONVERSION = YES;
				CLANG_WARN_DEPRECATED_OBJC_IMPLEMENTATIONS = YES;
				CLANG_WARN_DIRECT_OBJC_ISA_USAGE = YES_ERROR;
				CLANG_WARN_DOCUMENTATION_COMMENTS = YES;
				CLANG_WARN_EMPTY_BODY = YES;
				CLANG_WARN_ENUM_CONVERSION = YES;
				CLANG_WARN_INFINITE_RECURSION = YES;
				CLANG_WARN_INT_CONVERSION = YES;
				CLANG_WARN_NON_LITERAL_NULL_CONVERSION = YES;
				CLANG_WARN_OBJC_IMPLICIT_RETAIN_SELF = YES;
				CLANG_WARN_OBJC_LITERAL_CONVERSION = YES;
				CLANG_WARN_OBJC_ROOT_CLASS = YES_ERROR;
				CLANG_WARN_QUOTED_INCLUDE_IN_FRAMEWORK_HEADER = YES;
				CLANG_WARN_RANGE_LOOP_ANALYSIS = YES;
				CLANG_WARN_STRICT_PROTOTYPES = YES;
				CLANG_WARN_SUSPICIOUS_MOVE = YES;
				CLANG_WARN_UNGUARDED_AVAILABILITY = YES_AGGRESSIVE;
				CLANG_WARN_UNREACHABLE_CODE = YES;
				CLANG_WARN__DUPLICATE_METHOD_MATCH = YES;
				COPY_PHASE_STRIP = NO;
				DEBUG_INFORMATION_FORMAT = "dwarf-with-dsym";
				ENABLE_NS_ASSERTIONS = NO;
				ENABLE_STRICT_OBJC_MSGSEND = YES;
				GCC_C_LANGUAGE_STANDARD = gnu11;
				GCC_NO_COMMON_BLOCKS = YES;
				GCC_WARN_64_TO_32_BIT_CONVERSION = YES;
				GCC_WARN_ABOUT_RETURN_TYPE = YES_ERROR;
				GCC_WARN_UNDECLARED_SELECTOR = YES;
				GCC_WARN_UNINITIALIZED_AUTOS = YES_AGGRESSIVE;
				GCC_WARN_UNUSED_FUNCTION = YES;
				GCC_WARN_UNUSED_VARIABLE = YES;
				IPHONEOS_DEPLOYMENT_TARGET = 16.2;
				MTL_ENABLE_DEBUG_INFO = NO;
				MTL_FAST_MATH = YES;
				SDKROOT = iphoneos;
				SWIFT_COMPILATION_MODE = wholemodule;
				SWIFT_OPTIMIZATION_LEVEL = "-O";
				VALIDATE_PRODUCT = YES;
			};
			name = Release;
		};
		E32787CE2A9CAE73006D58A0 /* Debug */ = {
			isa = XCBuildConfiguration;
			buildSettings = {
				ASSETCATALOG_COMPILER_APPICON_NAME = AppIcon;
				ASSETCATALOG_COMPILER_GLOBAL_ACCENT_COLOR_NAME = AccentColor;
				CODE_SIGN_STYLE = Automatic;
				CURRENT_PROJECT_VERSION = 1;
				DEVELOPMENT_ASSET_PATHS = "\"Task/Preview Content\"";
				DEVELOPMENT_TEAM = TMTU5R2HJY;
				ENABLE_PREVIEWS = YES;
				GENERATE_INFOPLIST_FILE = YES;
				INFOPLIST_KEY_UIApplicationSceneManifest_Generation = YES;
				INFOPLIST_KEY_UIApplicationSupportsIndirectInputEvents = YES;
				INFOPLIST_KEY_UILaunchScreen_Generation = YES;
				INFOPLIST_KEY_UISupportedInterfaceOrientations_iPad = "UIInterfaceOrientationPortrait UIInterfaceOrientationPortraitUpsideDown";
				INFOPLIST_KEY_UISupportedInterfaceOrientations_iPhone = UIInterfaceOrientationPortrait;
				IPHONEOS_DEPLOYMENT_TARGET = 15.6;
				LD_RUNPATH_SEARCH_PATHS = (
					"$(inherited)",
					"@executable_path/Frameworks",
				);
				MARKETING_VERSION = 1.0;
				PRODUCT_BUNDLE_IDENTIFIER = jgulkowsky.Task;
				PRODUCT_NAME = "$(TARGET_NAME)";
				SWIFT_EMIT_LOC_STRINGS = YES;
				SWIFT_VERSION = 5.0;
				TARGETED_DEVICE_FAMILY = "1,2";
			};
			name = Debug;
		};
		E32787CF2A9CAE73006D58A0 /* Release */ = {
			isa = XCBuildConfiguration;
			buildSettings = {
				ASSETCATALOG_COMPILER_APPICON_NAME = AppIcon;
				ASSETCATALOG_COMPILER_GLOBAL_ACCENT_COLOR_NAME = AccentColor;
				CODE_SIGN_STYLE = Automatic;
				CURRENT_PROJECT_VERSION = 1;
				DEVELOPMENT_ASSET_PATHS = "\"Task/Preview Content\"";
				DEVELOPMENT_TEAM = TMTU5R2HJY;
				ENABLE_PREVIEWS = YES;
				GENERATE_INFOPLIST_FILE = YES;
				INFOPLIST_KEY_UIApplicationSceneManifest_Generation = YES;
				INFOPLIST_KEY_UIApplicationSupportsIndirectInputEvents = YES;
				INFOPLIST_KEY_UILaunchScreen_Generation = YES;
				INFOPLIST_KEY_UISupportedInterfaceOrientations_iPad = "UIInterfaceOrientationPortrait UIInterfaceOrientationPortraitUpsideDown";
				INFOPLIST_KEY_UISupportedInterfaceOrientations_iPhone = UIInterfaceOrientationPortrait;
				IPHONEOS_DEPLOYMENT_TARGET = 15.6;
				LD_RUNPATH_SEARCH_PATHS = (
					"$(inherited)",
					"@executable_path/Frameworks",
				);
				MARKETING_VERSION = 1.0;
				PRODUCT_BUNDLE_IDENTIFIER = jgulkowsky.Task;
				PRODUCT_NAME = "$(TARGET_NAME)";
				SWIFT_EMIT_LOC_STRINGS = YES;
				SWIFT_VERSION = 5.0;
				TARGETED_DEVICE_FAMILY = "1,2";
			};
			name = Release;
		};
		E32787D12A9CAE73006D58A0 /* Debug */ = {
			isa = XCBuildConfiguration;
			buildSettings = {
				ALWAYS_EMBED_SWIFT_STANDARD_LIBRARIES = YES;
				BUNDLE_LOADER = "$(TEST_HOST)";
				CODE_SIGN_STYLE = Automatic;
				CURRENT_PROJECT_VERSION = 1;
				DEVELOPMENT_TEAM = TMTU5R2HJY;
				GENERATE_INFOPLIST_FILE = YES;
				IPHONEOS_DEPLOYMENT_TARGET = 16.2;
				MARKETING_VERSION = 1.0;
				PRODUCT_BUNDLE_IDENTIFIER = jgulkowsky.TaskTests;
				PRODUCT_NAME = "$(TARGET_NAME)";
				SWIFT_EMIT_LOC_STRINGS = NO;
				SWIFT_VERSION = 5.0;
				TARGETED_DEVICE_FAMILY = "1,2";
				TEST_HOST = "$(BUILT_PRODUCTS_DIR)/Task.app/$(BUNDLE_EXECUTABLE_FOLDER_PATH)/Task";
			};
			name = Debug;
		};
		E32787D22A9CAE73006D58A0 /* Release */ = {
			isa = XCBuildConfiguration;
			buildSettings = {
				ALWAYS_EMBED_SWIFT_STANDARD_LIBRARIES = YES;
				BUNDLE_LOADER = "$(TEST_HOST)";
				CODE_SIGN_STYLE = Automatic;
				CURRENT_PROJECT_VERSION = 1;
				DEVELOPMENT_TEAM = TMTU5R2HJY;
				GENERATE_INFOPLIST_FILE = YES;
				IPHONEOS_DEPLOYMENT_TARGET = 16.2;
				MARKETING_VERSION = 1.0;
				PRODUCT_BUNDLE_IDENTIFIER = jgulkowsky.TaskTests;
				PRODUCT_NAME = "$(TARGET_NAME)";
				SWIFT_EMIT_LOC_STRINGS = NO;
				SWIFT_VERSION = 5.0;
				TARGETED_DEVICE_FAMILY = "1,2";
				TEST_HOST = "$(BUILT_PRODUCTS_DIR)/Task.app/$(BUNDLE_EXECUTABLE_FOLDER_PATH)/Task";
			};
			name = Release;
		};
		E32787D42A9CAE73006D58A0 /* Debug */ = {
			isa = XCBuildConfiguration;
			buildSettings = {
				ALWAYS_EMBED_SWIFT_STANDARD_LIBRARIES = YES;
				CODE_SIGN_STYLE = Automatic;
				CURRENT_PROJECT_VERSION = 1;
				DEVELOPMENT_TEAM = TMTU5R2HJY;
				GENERATE_INFOPLIST_FILE = YES;
				MARKETING_VERSION = 1.0;
				PRODUCT_BUNDLE_IDENTIFIER = jgulkowsky.TaskUITests;
				PRODUCT_NAME = "$(TARGET_NAME)";
				SWIFT_EMIT_LOC_STRINGS = NO;
				SWIFT_VERSION = 5.0;
				TARGETED_DEVICE_FAMILY = "1,2";
				TEST_TARGET_NAME = Task;
			};
			name = Debug;
		};
		E32787D52A9CAE73006D58A0 /* Release */ = {
			isa = XCBuildConfiguration;
			buildSettings = {
				ALWAYS_EMBED_SWIFT_STANDARD_LIBRARIES = YES;
				CODE_SIGN_STYLE = Automatic;
				CURRENT_PROJECT_VERSION = 1;
				DEVELOPMENT_TEAM = TMTU5R2HJY;
				GENERATE_INFOPLIST_FILE = YES;
				MARKETING_VERSION = 1.0;
				PRODUCT_BUNDLE_IDENTIFIER = jgulkowsky.TaskUITests;
				PRODUCT_NAME = "$(TARGET_NAME)";
				SWIFT_EMIT_LOC_STRINGS = NO;
				SWIFT_VERSION = 5.0;
				TARGETED_DEVICE_FAMILY = "1,2";
				TEST_TARGET_NAME = Task;
			};
			name = Release;
		};
/* End XCBuildConfiguration section */

/* Begin XCConfigurationList section */
		E32787A42A9CAE71006D58A0 /* Build configuration list for PBXProject "Task" */ = {
			isa = XCConfigurationList;
			buildConfigurations = (
				E32787CB2A9CAE73006D58A0 /* Debug */,
				E32787CC2A9CAE73006D58A0 /* Release */,
			);
			defaultConfigurationIsVisible = 0;
			defaultConfigurationName = Release;
		};
		E32787CD2A9CAE73006D58A0 /* Build configuration list for PBXNativeTarget "Task" */ = {
			isa = XCConfigurationList;
			buildConfigurations = (
				E32787CE2A9CAE73006D58A0 /* Debug */,
				E32787CF2A9CAE73006D58A0 /* Release */,
			);
			defaultConfigurationIsVisible = 0;
			defaultConfigurationName = Release;
		};
		E32787D02A9CAE73006D58A0 /* Build configuration list for PBXNativeTarget "TaskTests" */ = {
			isa = XCConfigurationList;
			buildConfigurations = (
				E32787D12A9CAE73006D58A0 /* Debug */,
				E32787D22A9CAE73006D58A0 /* Release */,
			);
			defaultConfigurationIsVisible = 0;
			defaultConfigurationName = Release;
		};
		E32787D32A9CAE73006D58A0 /* Build configuration list for PBXNativeTarget "TaskUITests" */ = {
			isa = XCConfigurationList;
			buildConfigurations = (
				E32787D42A9CAE73006D58A0 /* Debug */,
				E32787D52A9CAE73006D58A0 /* Release */,
			);
			defaultConfigurationIsVisible = 0;
			defaultConfigurationName = Release;
		};
/* End XCConfigurationList section */
	};
	rootObject = E32787A12A9CAE71006D58A0 /* Project object */;
}
